
Microsoft Visual Studio Solution File, Format Version 12.00
# Visual Studio 15
VisualStudioVersion = 15.0.27428.2015
MinimumVisualStudioVersion = 10.0.40219.1
Project("{D2ABAB84-BF74-430A-B69E-9DC6D40DDA17}") = "RPSIAnalysisServicesMDAndDM", "RPSIAnalysisServicesMDAndDM\RPSIAnalysisServicesMDAndDM.dwproj", "{8B986691-5E34-47F1-AE01-809EA6DAD616}"
EndProject
Global
	GlobalSection(SolutionConfigurationPlatforms) = preSolution
		Development|Default = Development|Default
	EndGlobalSection
	GlobalSection(ProjectConfigurationPlatforms) = postSolution
		{8B986691-5E34-47F1-AE01-809EA6DAD616}.Development|Default.ActiveCfg = Development
		{8B986691-5E34-47F1-AE01-809EA6DAD616}.Development|Default.Build.0 = Development
		{8B986691-5E34-47F1-AE01-809EA6DAD616}.Development|Default.Deploy.0 = Development
	EndGlobalSection
	GlobalSection(SolutionProperties) = preSolution
		HideSolutionNode = FALSE
	EndGlobalSection
	GlobalSection(ExtensibilityGlobals) = postSolution
		SolutionGuid = {56CB9468-D89C-40D9-A818-43BA01CFB8A3}
	EndGlobalSection
EndGlobal
